
Microsoft Visual Studio Solution File, Format Version 12.00
# Visual Studio 14
VisualStudioVersion = 14.0.23107.0
MinimumVisualStudioVersion = 10.0.40219.1
Project("{FAE04EC0-301F-11D3-BF4B-00C04F79EFBC}") = "SvPatMax", "SvPatMax\SvPatMax.csproj", "{C7EBF9DE-BFCD-4724-AEE3-8233DABEF491}"
EndProject
Project("{FAE04EC0-301F-11D3-BF4B-00C04F79EFBC}") = "SvsPatMax", "SvsPatMax\SvsPatMax.csproj", "{A0BA29B0-D460-44DF-A133-4F80CBC183FB}"
EndProject
Project("{FAE04EC0-301F-11D3-BF4B-00C04F79EFBC}") = "SvMask", "SvMask\SvMask.csproj", "{DFC23C58-3CBE-4125-8E1B-7204065D2970}"
EndProject
Global
	GlobalSection(SolutionConfigurationPlatforms) = preSolution
		Debug|Any CPU = Debug|Any CPU
		Release|Any CPU = Release|Any CPU
	EndGlobalSection
	GlobalSection(ProjectConfigurationPlatforms) = postSolution
		{C7EBF9DE-BFCD-4724-AEE3-8233DABEF491}.Debug|Any CPU.ActiveCfg = Debug|Any CPU
		{C7EBF9DE-BFCD-4724-AEE3-8233DABEF491}.Debug|Any CPU.Build.0 = Debug|Any CPU
		{C7EBF9DE-BFCD-4724-AEE3-8233DABEF491}.Release|Any CPU.ActiveCfg = Release|Any CPU
		{C7EBF9DE-BFCD-4724-AEE3-8233DABEF491}.Release|Any CPU.Build.0 = Release|Any CPU
		{A0BA29B0-D460-44DF-A133-4F80CBC183FB}.Debug|Any CPU.ActiveCfg = Debug|Any CPU
		{A0BA29B0-D460-44DF-A133-4F80CBC183FB}.Debug|Any CPU.Build.0 = Debug|Any CPU
		{A0BA29B0-D460-44DF-A133-4F80CBC183FB}.Release|Any CPU.ActiveCfg = Release|Any CPU
		{A0BA29B0-D460-44DF-A133-4F80CBC183FB}.Release|Any CPU.Build.0 = Release|Any CPU
		{DFC23C58-3CBE-4125-8E1B-7204065D2970}.Debug|Any CPU.ActiveCfg = Debug|Any CPU
		{DFC23C58-3CBE-4125-8E1B-7204065D2970}.Debug|Any CPU.Build.0 = Debug|Any CPU
		{DFC23C58-3CBE-4125-8E1B-7204065D2970}.Release|Any CPU.ActiveCfg = Release|Any CPU
		{DFC23C58-3CBE-4125-8E1B-7204065D2970}.Release|Any CPU.Build.0 = Release|Any CPU
	EndGlobalSection
	GlobalSection(SolutionProperties) = preSolution
		HideSolutionNode = FALSE
	EndGlobalSection
EndGlobal
